
Microsoft Visual Studio Solution File, Format Version 12.00
# Visual Studio Version 17
VisualStudioVersion = 17.14.36717.8 d17.14
MinimumVisualStudioVersion = 10.0.40219.1
Project("{FAE04EC0-301F-11D3-BF4B-00C04F79EFBC}") = "WinOverlayV2", "WinOverlayV2.csproj", "{07307B62-DDCD-4874-BD08-7FC89638101A}"
EndProject
Global
	GlobalSection(SolutionConfigurationPlatforms) = preSolution
		Debug|Any CPU = Debug|Any CPU
		Release|Any CPU = Release|Any CPU
	EndGlobalSection
	GlobalSection(ProjectConfigurationPlatforms) = postSolution
		{07307B62-DDCD-4874-BD08-7FC89638101A}.Debug|Any CPU.ActiveCfg = Debug|Any CPU
		{07307B62-DDCD-4874-BD08-7FC89638101A}.Debug|Any CPU.Build.0 = Debug|Any CPU
		{07307B62-DDCD-4874-BD08-7FC89638101A}.Release|Any CPU.ActiveCfg = Release|Any CPU
		{07307B62-DDCD-4874-BD08-7FC89638101A}.Release|Any CPU.Build.0 = Release|Any CPU
	EndGlobalSection
	GlobalSection(SolutionProperties) = preSolution
		HideSolutionNode = FALSE
	EndGlobalSection
	GlobalSection(ExtensibilityGlobals) = postSolution
		SolutionGuid = {8D275210-5410-41CB-B38B-E3A17051849F}
	EndGlobalSection
EndGlobal
