
Microsoft Visual Studio Solution File, Format Version 12.00
# Visual Studio 15
Project("{FAE04EC0-301F-11D3-BF4B-00C04F79EFBC}") = "VRM10.Tests", "VRM10.Tests.csproj", "{63BF9B06-7874-93A0-D7B0-94313890731E}"
EndProject
Project("{FAE04EC0-301F-11D3-BF4B-00C04F79EFBC}") = "UniHumanoid", "UniHumanoid.csproj", "{997D9CC3-C698-0E34-2561-2E8F91224F36}"
EndProject
Project("{FAE04EC0-301F-11D3-BF4B-00C04F79EFBC}") = "Assembly-CSharp", "Assembly-CSharp.csproj", "{6B6497E2-5CA2-54C4-AF96-F0B453CF2259}"
EndProject
Project("{FAE04EC0-301F-11D3-BF4B-00C04F79EFBC}") = "Obi", "Obi.csproj", "{77F29A89-8497-93E2-3651-CEDC6132BDAE}"
EndProject
Project("{FAE04EC0-301F-11D3-BF4B-00C04F79EFBC}") = "VRM10.Editor", "VRM10.Editor.csproj", "{0B077FDD-96CF-E7B6-2D24-4F6F5A316C54}"
EndProject
Project("{FAE04EC0-301F-11D3-BF4B-00C04F79EFBC}") = "UniGLTF.Editor", "UniGLTF.Editor.csproj", "{3AF3AA24-436D-709A-47C6-0150DC3D54CA}"
EndProject
Project("{FAE04EC0-301F-11D3-BF4B-00C04F79EFBC}") = "UniGLTF", "UniGLTF.csproj", "{F948D42A-0AFE-2045-56DB-792DB1C8FBA9}"
EndProject
Project("{FAE04EC0-301F-11D3-BF4B-00C04F79EFBC}") = "Kit2", "Kit2.csproj", "{C648B06B-01EE-F700-79CD-E0103DF01E06}"
EndProject
Project("{FAE04EC0-301F-11D3-BF4B-00C04F79EFBC}") = "Obi.Editor", "Obi.Editor.csproj", "{1F095CD1-7694-E1ED-7DD0-2118B69D0CED}"
EndProject
Project("{FAE04EC0-301F-11D3-BF4B-00C04F79EFBC}") = "VRM10", "VRM10.csproj", "{C2499D61-13AC-66F5-D53B-5FB9B836F8DE}"
EndProject
Project("{FAE04EC0-301F-11D3-BF4B-00C04F79EFBC}") = "VRM10.MToon10", "VRM10.MToon10.csproj", "{EC587CCC-ADFA-0205-2A73-8C7444E5C93E}"
EndProject
Project("{FAE04EC0-301F-11D3-BF4B-00C04F79EFBC}") = "UniGLTF.Tests", "UniGLTF.Tests.csproj", "{C11F4127-BCBC-B052-BFC4-DC1D473B11E7}"
EndProject
Project("{FAE04EC0-301F-11D3-BF4B-00C04F79EFBC}") = "MToon", "MToon.csproj", "{77E2654E-7031-EC8A-36ED-F1BB06B3C2D7}"
EndProject
Project("{FAE04EC0-301F-11D3-BF4B-00C04F79EFBC}") = "UniVRM.Editor", "UniVRM.Editor.csproj", "{06962251-E581-9F78-5D05-B2897E6C7C55}"
EndProject
Project("{FAE04EC0-301F-11D3-BF4B-00C04F79EFBC}") = "VRM", "VRM.csproj", "{02F4DC0D-14D3-0162-819E-81BC4D4C0065}"
EndProject
Project("{FAE04EC0-301F-11D3-BF4B-00C04F79EFBC}") = "DesktopWizard", "DesktopWizard.csproj", "{C4071F1F-C7F8-9ED5-9251-30BC3886D0DF}"
EndProject
Project("{FAE04EC0-301F-11D3-BF4B-00C04F79EFBC}") = "Baxter.AnimationClipToVrma", "Baxter.AnimationClipToVrma.csproj", "{71AECC52-8225-F7E2-B6CC-F3513C4FEDD0}"
EndProject
Project("{FAE04EC0-301F-11D3-BF4B-00C04F79EFBC}") = "BoingKit", "BoingKit.csproj", "{07E7A3A4-08DE-21BB-D0E6-213CF08B6EF8}"
EndProject
Project("{FAE04EC0-301F-11D3-BF4B-00C04F79EFBC}") = "VrmLib", "VrmLib.csproj", "{1F7121AB-F2B1-9991-B475-1DB3F8855E99}"
EndProject
Project("{FAE04EC0-301F-11D3-BF4B-00C04F79EFBC}") = "SpringBoneJobs", "SpringBoneJobs.csproj", "{7A8F37DF-F710-D71A-F852-446E9F7496B6}"
EndProject
Project("{FAE04EC0-301F-11D3-BF4B-00C04F79EFBC}") = "Kit2.Attribute.Editor", "Kit2.Attribute.Editor.csproj", "{BEA7340F-140D-697C-89F9-D999751D24B5}"
EndProject
Project("{FAE04EC0-301F-11D3-BF4B-00C04F79EFBC}") = "MPUIKit", "MPUIKit.csproj", "{C882CDC6-BEEF-E133-B124-7464EE292ED3}"
EndProject
Project("{FAE04EC0-301F-11D3-BF4B-00C04F79EFBC}") = "VrmLibTests", "VrmLibTests.csproj", "{88628EF0-0C97-2CE8-A473-DF03934D7824}"
EndProject
Project("{FAE04EC0-301F-11D3-BF4B-00C04F79EFBC}") = "MToon.Editor", "MToon.Editor.csproj", "{99A600AB-F197-AFDA-1F79-352536AA1F73}"
EndProject
Project("{FAE04EC0-301F-11D3-BF4B-00C04F79EFBC}") = "VRM.Samples.SimpleViewer", "VRM.Samples.SimpleViewer.csproj", "{96122566-FFFC-FF7B-4268-FEE97499F000}"
EndProject
Project("{FAE04EC0-301F-11D3-BF4B-00C04F79EFBC}") = "MPUIKit.Editor", "MPUIKit.Editor.csproj", "{FEE28A53-E7D5-5E44-B7B0-E0C094E115AE}"
EndProject
Project("{FAE04EC0-301F-11D3-BF4B-00C04F79EFBC}") = "UniGLTF.UniUnlit", "UniGLTF.UniUnlit.csproj", "{B01446F7-ECEA-4B6F-D1E0-E6BC26161DBB}"
EndProject
Project("{FAE04EC0-301F-11D3-BF4B-00C04F79EFBC}") = "ShareScript", "ShareScript.csproj", "{FDE9B6F9-8047-F95B-80E0-A66A549F4C21}"
EndProject
Project("{FAE04EC0-301F-11D3-BF4B-00C04F79EFBC}") = "BoingKit.Editor", "BoingKit.Editor.csproj", "{7286EBF8-45C3-ADFB-AE6D-3841106E01A4}"
EndProject
Project("{FAE04EC0-301F-11D3-BF4B-00C04F79EFBC}") = "VRM.Tests", "VRM.Tests.csproj", "{19EE755F-EC03-A57E-775B-706331D85B8F}"
EndProject
Project("{FAE04EC0-301F-11D3-BF4B-00C04F79EFBC}") = "UniGLTF.UniUnlit.Editor", "UniGLTF.UniUnlit.Editor.csproj", "{A9061CAE-815E-1D9F-E2C6-682421452EEE}"
EndProject
Project("{FAE04EC0-301F-11D3-BF4B-00C04F79EFBC}") = "AI", "AI.csproj", "{1EA40FEA-B1DA-1D52-82DC-686A12BCA3FE}"
EndProject
Project("{FAE04EC0-301F-11D3-BF4B-00C04F79EFBC}") = "Deepseek", "Deepseek.csproj", "{DDB089D6-CAA5-71B1-E6A6-7E06D69D915C}"
EndProject
Project("{FAE04EC0-301F-11D3-BF4B-00C04F79EFBC}") = "Assembly-CSharp-Editor", "Assembly-CSharp-Editor.csproj", "{920F0062-2059-39B6-2D4F-DB6F366172C7}"
EndProject
Project("{FAE04EC0-301F-11D3-BF4B-00C04F79EFBC}") = "BlendShapeMenu", "BlendShapeMenu.csproj", "{B4218C46-C0B4-D219-D151-7AB3EFB56703}"
EndProject
Project("{FAE04EC0-301F-11D3-BF4B-00C04F79EFBC}") = "UniGLTF.Utils", "UniGLTF.Utils.csproj", "{03AD51AD-D408-92D5-73E3-A6FB04DD9229}"
EndProject
Project("{FAE04EC0-301F-11D3-BF4B-00C04F79EFBC}") = "VRM.Samples.FirstPersonSample", "VRM.Samples.FirstPersonSample.csproj", "{340E1964-4FF7-71EF-143F-90715BF45BF1}"
EndProject
Project("{FAE04EC0-301F-11D3-BF4B-00C04F79EFBC}") = "BoingKit.Icon.Editor", "BoingKit.Icon.Editor.csproj", "{B636BA22-ED57-43A9-8149-F88A4D3B1146}"
EndProject
Project("{FAE04EC0-301F-11D3-BF4B-00C04F79EFBC}") = "VRM.Samples.AnimationBridgeSample", "VRM.Samples.AnimationBridgeSample.csproj", "{4D2F6E72-C970-EA14-8A34-BA3843CBE82D}"
EndProject
Project("{FAE04EC0-301F-11D3-BF4B-00C04F79EFBC}") = "VRM.Samples.Editor.Tests", "VRM.Samples.Editor.Tests.csproj", "{1C3ADB33-9B57-5743-BCC1-1F2FF65415D2}"
EndProject
Project("{FAE04EC0-301F-11D3-BF4B-00C04F79EFBC}") = "Generated", "Generated.csproj", "{C78FDAE4-6588-7D13-872F-346DC565B1B7}"
EndProject
Project("{FAE04EC0-301F-11D3-BF4B-00C04F79EFBC}") = "VRM10.MToon10.Tests", "VRM10.MToon10.Tests.csproj", "{1EA22F22-2DD6-2610-0F7D-80AADA9DBD22}"
EndProject
Project("{FAE04EC0-301F-11D3-BF4B-00C04F79EFBC}") = "VRM10.MToon10.Editor", "VRM10.MToon10.Editor.csproj", "{BFE2B1D4-79D8-59BD-D32D-FBA7B7ED591D}"
EndProject
Project("{FAE04EC0-301F-11D3-BF4B-00C04F79EFBC}") = "UniHumanoid.Editor", "UniHumanoid.Editor.csproj", "{BE6475CE-FBF4-80BE-7878-39F7ABE43084}"
EndProject
Project("{FAE04EC0-301F-11D3-BF4B-00C04F79EFBC}") = "FastSpringBone10", "FastSpringBone10.csproj", "{065D40E3-1E7D-2E34-C86B-95E46636F005}"
EndProject
Project("{FAE04EC0-301F-11D3-BF4B-00C04F79EFBC}") = "UniHumanoid.Editor.Tests", "UniHumanoid.Editor.Tests.csproj", "{81BD838C-E781-0972-80A9-B6842D6F2778}"
EndProject
Project("{FAE04EC0-301F-11D3-BF4B-00C04F79EFBC}") = "VRM.Samples.RuntimeExporterSample", "VRM.Samples.RuntimeExporterSample.csproj", "{3322F771-ACA2-DBAA-6955-CFE8B0914E7A}"
EndProject
Project("{FAE04EC0-301F-11D3-BF4B-00C04F79EFBC}") = "WinOverlay", "WinOverlay\WinOverlay.csproj", "{96EAC767-B939-666A-2671-834E4A5B8BE7}"
EndProject
Global
	GlobalSection(SolutionConfigurationPlatforms) = preSolution
		Debug|Any CPU = Debug|Any CPU
		Release|Any CPU = Release|Any CPU
	EndGlobalSection
	GlobalSection(ProjectConfigurationPlatforms) = postSolution
		{63BF9B06-7874-93A0-D7B0-94313890731E}.Debug|Any CPU.ActiveCfg = Debug|Any CPU
		{63BF9B06-7874-93A0-D7B0-94313890731E}.Debug|Any CPU.Build.0 = Debug|Any CPU
		{63BF9B06-7874-93A0-D7B0-94313890731E}.Release|Any CPU.ActiveCfg = Release|Any CPU
		{63BF9B06-7874-93A0-D7B0-94313890731E}.Release|Any CPU.Build.0 = Release|Any CPU
		{997D9CC3-C698-0E34-2561-2E8F91224F36}.Debug|Any CPU.ActiveCfg = Debug|Any CPU
		{997D9CC3-C698-0E34-2561-2E8F91224F36}.Debug|Any CPU.Build.0 = Debug|Any CPU
		{997D9CC3-C698-0E34-2561-2E8F91224F36}.Release|Any CPU.ActiveCfg = Release|Any CPU
		{997D9CC3-C698-0E34-2561-2E8F91224F36}.Release|Any CPU.Build.0 = Release|Any CPU
		{6B6497E2-5CA2-54C4-AF96-F0B453CF2259}.Debug|Any CPU.ActiveCfg = Debug|Any CPU
		{6B6497E2-5CA2-54C4-AF96-F0B453CF2259}.Debug|Any CPU.Build.0 = Debug|Any CPU
		{6B6497E2-5CA2-54C4-AF96-F0B453CF2259}.Release|Any CPU.ActiveCfg = Release|Any CPU
		{6B6497E2-5CA2-54C4-AF96-F0B453CF2259}.Release|Any CPU.Build.0 = Release|Any CPU
		{77F29A89-8497-93E2-3651-CEDC6132BDAE}.Debug|Any CPU.ActiveCfg = Debug|Any CPU
		{77F29A89-8497-93E2-3651-CEDC6132BDAE}.Debug|Any CPU.Build.0 = Debug|Any CPU
		{77F29A89-8497-93E2-3651-CEDC6132BDAE}.Release|Any CPU.ActiveCfg = Release|Any CPU
		{77F29A89-8497-93E2-3651-CEDC6132BDAE}.Release|Any CPU.Build.0 = Release|Any CPU
		{0B077FDD-96CF-E7B6-2D24-4F6F5A316C54}.Debug|Any CPU.ActiveCfg = Debug|Any CPU
		{0B077FDD-96CF-E7B6-2D24-4F6F5A316C54}.Debug|Any CPU.Build.0 = Debug|Any CPU
		{0B077FDD-96CF-E7B6-2D24-4F6F5A316C54}.Release|Any CPU.ActiveCfg = Release|Any CPU
		{0B077FDD-96CF-E7B6-2D24-4F6F5A316C54}.Release|Any CPU.Build.0 = Release|Any CPU
		{3AF3AA24-436D-709A-47C6-0150DC3D54CA}.Debug|Any CPU.ActiveCfg = Debug|Any CPU
		{3AF3AA24-436D-709A-47C6-0150DC3D54CA}.Debug|Any CPU.Build.0 = Debug|Any CPU
		{3AF3AA24-436D-709A-47C6-0150DC3D54CA}.Release|Any CPU.ActiveCfg = Release|Any CPU
		{3AF3AA24-436D-709A-47C6-0150DC3D54CA}.Release|Any CPU.Build.0 = Release|Any CPU
		{F948D42A-0AFE-2045-56DB-792DB1C8FBA9}.Debug|Any CPU.ActiveCfg = Debug|Any CPU
		{F948D42A-0AFE-2045-56DB-792DB1C8FBA9}.Debug|Any CPU.Build.0 = Debug|Any CPU
		{F948D42A-0AFE-2045-56DB-792DB1C8FBA9}.Release|Any CPU.ActiveCfg = Release|Any CPU
		{F948D42A-0AFE-2045-56DB-792DB1C8FBA9}.Release|Any CPU.Build.0 = Release|Any CPU
		{C648B06B-01EE-F700-79CD-E0103DF01E06}.Debug|Any CPU.ActiveCfg = Debug|Any CPU
		{C648B06B-01EE-F700-79CD-E0103DF01E06}.Debug|Any CPU.Build.0 = Debug|Any CPU
		{C648B06B-01EE-F700-79CD-E0103DF01E06}.Release|Any CPU.ActiveCfg = Release|Any CPU
		{C648B06B-01EE-F700-79CD-E0103DF01E06}.Release|Any CPU.Build.0 = Release|Any CPU
		{1F095CD1-7694-E1ED-7DD0-2118B69D0CED}.Debug|Any CPU.ActiveCfg = Debug|Any CPU
		{1F095CD1-7694-E1ED-7DD0-2118B69D0CED}.Debug|Any CPU.Build.0 = Debug|Any CPU
		{1F095CD1-7694-E1ED-7DD0-2118B69D0CED}.Release|Any CPU.ActiveCfg = Release|Any CPU
		{1F095CD1-7694-E1ED-7DD0-2118B69D0CED}.Release|Any CPU.Build.0 = Release|Any CPU
		{C2499D61-13AC-66F5-D53B-5FB9B836F8DE}.Debug|Any CPU.ActiveCfg = Debug|Any CPU
		{C2499D61-13AC-66F5-D53B-5FB9B836F8DE}.Debug|Any CPU.Build.0 = Debug|Any CPU
		{C2499D61-13AC-66F5-D53B-5FB9B836F8DE}.Release|Any CPU.ActiveCfg = Release|Any CPU
		{C2499D61-13AC-66F5-D53B-5FB9B836F8DE}.Release|Any CPU.Build.0 = Release|Any CPU
		{EC587CCC-ADFA-0205-2A73-8C7444E5C93E}.Debug|Any CPU.ActiveCfg = Debug|Any CPU
		{EC587CCC-ADFA-0205-2A73-8C7444E5C93E}.Debug|Any CPU.Build.0 = Debug|Any CPU
		{EC587CCC-ADFA-0205-2A73-8C7444E5C93E}.Release|Any CPU.ActiveCfg = Release|Any CPU
		{EC587CCC-ADFA-0205-2A73-8C7444E5C93E}.Release|Any CPU.Build.0 = Release|Any CPU
		{C11F4127-BCBC-B052-BFC4-DC1D473B11E7}.Debug|Any CPU.ActiveCfg = Debug|Any CPU
		{C11F4127-BCBC-B052-BFC4-DC1D473B11E7}.Debug|Any CPU.Build.0 = Debug|Any CPU
		{C11F4127-BCBC-B052-BFC4-DC1D473B11E7}.Release|Any CPU.ActiveCfg = Release|Any CPU
		{C11F4127-BCBC-B052-BFC4-DC1D473B11E7}.Release|Any CPU.Build.0 = Release|Any CPU
		{77E2654E-7031-EC8A-36ED-F1BB06B3C2D7}.Debug|Any CPU.ActiveCfg = Debug|Any CPU
		{77E2654E-7031-EC8A-36ED-F1BB06B3C2D7}.Debug|Any CPU.Build.0 = Debug|Any CPU
		{77E2654E-7031-EC8A-36ED-F1BB06B3C2D7}.Release|Any CPU.ActiveCfg = Release|Any CPU
		{77E2654E-7031-EC8A-36ED-F1BB06B3C2D7}.Release|Any CPU.Build.0 = Release|Any CPU
		{06962251-E581-9F78-5D05-B2897E6C7C55}.Debug|Any CPU.ActiveCfg = Debug|Any CPU
		{06962251-E581-9F78-5D05-B2897E6C7C55}.Debug|Any CPU.Build.0 = Debug|Any CPU
		{06962251-E581-9F78-5D05-B2897E6C7C55}.Release|Any CPU.ActiveCfg = Release|Any CPU
		{06962251-E581-9F78-5D05-B2897E6C7C55}.Release|Any CPU.Build.0 = Release|Any CPU
		{02F4DC0D-14D3-0162-819E-81BC4D4C0065}.Debug|Any CPU.ActiveCfg = Debug|Any CPU
		{02F4DC0D-14D3-0162-819E-81BC4D4C0065}.Debug|Any CPU.Build.0 = Debug|Any CPU
		{02F4DC0D-14D3-0162-819E-81BC4D4C0065}.Release|Any CPU.ActiveCfg = Release|Any CPU
		{02F4DC0D-14D3-0162-819E-81BC4D4C0065}.Release|Any CPU.Build.0 = Release|Any CPU
		{C4071F1F-C7F8-9ED5-9251-30BC3886D0DF}.Debug|Any CPU.ActiveCfg = Debug|Any CPU
		{C4071F1F-C7F8-9ED5-9251-30BC3886D0DF}.Debug|Any CPU.Build.0 = Debug|Any CPU
		{C4071F1F-C7F8-9ED5-9251-30BC3886D0DF}.Release|Any CPU.ActiveCfg = Release|Any CPU
		{C4071F1F-C7F8-9ED5-9251-30BC3886D0DF}.Release|Any CPU.Build.0 = Release|Any CPU
		{71AECC52-8225-F7E2-B6CC-F3513C4FEDD0}.Debug|Any CPU.ActiveCfg = Debug|Any CPU
		{71AECC52-8225-F7E2-B6CC-F3513C4FEDD0}.Debug|Any CPU.Build.0 = Debug|Any CPU
		{71AECC52-8225-F7E2-B6CC-F3513C4FEDD0}.Release|Any CPU.ActiveCfg = Release|Any CPU
		{71AECC52-8225-F7E2-B6CC-F3513C4FEDD0}.Release|Any CPU.Build.0 = Release|Any CPU
		{07E7A3A4-08DE-21BB-D0E6-213CF08B6EF8}.Debug|Any CPU.ActiveCfg = Debug|Any CPU
		{07E7A3A4-08DE-21BB-D0E6-213CF08B6EF8}.Debug|Any CPU.Build.0 = Debug|Any CPU
		{07E7A3A4-08DE-21BB-D0E6-213CF08B6EF8}.Release|Any CPU.ActiveCfg = Release|Any CPU
		{07E7A3A4-08DE-21BB-D0E6-213CF08B6EF8}.Release|Any CPU.Build.0 = Release|Any CPU
		{1F7121AB-F2B1-9991-B475-1DB3F8855E99}.Debug|Any CPU.ActiveCfg = Debug|Any CPU
		{1F7121AB-F2B1-9991-B475-1DB3F8855E99}.Debug|Any CPU.Build.0 = Debug|Any CPU
		{1F7121AB-F2B1-9991-B475-1DB3F8855E99}.Release|Any CPU.ActiveCfg = Release|Any CPU
		{1F7121AB-F2B1-9991-B475-1DB3F8855E99}.Release|Any CPU.Build.0 = Release|Any CPU
		{7A8F37DF-F710-D71A-F852-446E9F7496B6}.Debug|Any CPU.ActiveCfg = Debug|Any CPU
		{7A8F37DF-F710-D71A-F852-446E9F7496B6}.Debug|Any CPU.Build.0 = Debug|Any CPU
		{7A8F37DF-F710-D71A-F852-446E9F7496B6}.Release|Any CPU.ActiveCfg = Release|Any CPU
		{7A8F37DF-F710-D71A-F852-446E9F7496B6}.Release|Any CPU.Build.0 = Release|Any CPU
		{BEA7340F-140D-697C-89F9-D999751D24B5}.Debug|Any CPU.ActiveCfg = Debug|Any CPU
		{BEA7340F-140D-697C-89F9-D999751D24B5}.Debug|Any CPU.Build.0 = Debug|Any CPU
		{BEA7340F-140D-697C-89F9-D999751D24B5}.Release|Any CPU.ActiveCfg = Release|Any CPU
		{BEA7340F-140D-697C-89F9-D999751D24B5}.Release|Any CPU.Build.0 = Release|Any CPU
		{C882CDC6-BEEF-E133-B124-7464EE292ED3}.Debug|Any CPU.ActiveCfg = Debug|Any CPU
		{C882CDC6-BEEF-E133-B124-7464EE292ED3}.Debug|Any CPU.Build.0 = Debug|Any CPU
		{C882CDC6-BEEF-E133-B124-7464EE292ED3}.Release|Any CPU.ActiveCfg = Release|Any CPU
		{C882CDC6-BEEF-E133-B124-7464EE292ED3}.Release|Any CPU.Build.0 = Release|Any CPU
		{88628EF0-0C97-2CE8-A473-DF03934D7824}.Debug|Any CPU.ActiveCfg = Debug|Any CPU
		{88628EF0-0C97-2CE8-A473-DF03934D7824}.Debug|Any CPU.Build.0 = Debug|Any CPU
		{88628EF0-0C97-2CE8-A473-DF03934D7824}.Release|Any CPU.ActiveCfg = Release|Any CPU
		{88628EF0-0C97-2CE8-A473-DF03934D7824}.Release|Any CPU.Build.0 = Release|Any CPU
		{99A600AB-F197-AFDA-1F79-352536AA1F73}.Debug|Any CPU.ActiveCfg = Debug|Any CPU
		{99A600AB-F197-AFDA-1F79-352536AA1F73}.Debug|Any CPU.Build.0 = Debug|Any CPU
		{99A600AB-F197-AFDA-1F79-352536AA1F73}.Release|Any CPU.ActiveCfg = Release|Any CPU
		{99A600AB-F197-AFDA-1F79-352536AA1F73}.Release|Any CPU.Build.0 = Release|Any CPU
		{96122566-FFFC-FF7B-4268-FEE97499F000}.Debug|Any CPU.ActiveCfg = Debug|Any CPU
		{96122566-FFFC-FF7B-4268-FEE97499F000}.Debug|Any CPU.Build.0 = Debug|Any CPU
		{96122566-FFFC-FF7B-4268-FEE97499F000}.Release|Any CPU.ActiveCfg = Release|Any CPU
		{96122566-FFFC-FF7B-4268-FEE97499F000}.Release|Any CPU.Build.0 = Release|Any CPU
		{FEE28A53-E7D5-5E44-B7B0-E0C094E115AE}.Debug|Any CPU.ActiveCfg = Debug|Any CPU
		{FEE28A53-E7D5-5E44-B7B0-E0C094E115AE}.Debug|Any CPU.Build.0 = Debug|Any CPU
		{FEE28A53-E7D5-5E44-B7B0-E0C094E115AE}.Release|Any CPU.ActiveCfg = Release|Any CPU
		{FEE28A53-E7D5-5E44-B7B0-E0C094E115AE}.Release|Any CPU.Build.0 = Release|Any CPU
		{B01446F7-ECEA-4B6F-D1E0-E6BC26161DBB}.Debug|Any CPU.ActiveCfg = Debug|Any CPU
		{B01446F7-ECEA-4B6F-D1E0-E6BC26161DBB}.Debug|Any CPU.Build.0 = Debug|Any CPU
		{B01446F7-ECEA-4B6F-D1E0-E6BC26161DBB}.Release|Any CPU.ActiveCfg = Release|Any CPU
		{B01446F7-ECEA-4B6F-D1E0-E6BC26161DBB}.Release|Any CPU.Build.0 = Release|Any CPU
		{FDE9B6F9-8047-F95B-80E0-A66A549F4C21}.Debug|Any CPU.ActiveCfg = Debug|Any CPU
		{FDE9B6F9-8047-F95B-80E0-A66A549F4C21}.Debug|Any CPU.Build.0 = Debug|Any CPU
		{FDE9B6F9-8047-F95B-80E0-A66A549F4C21}.Release|Any CPU.ActiveCfg = Release|Any CPU
		{FDE9B6F9-8047-F95B-80E0-A66A549F4C21}.Release|Any CPU.Build.0 = Release|Any CPU
		{7286EBF8-45C3-ADFB-AE6D-3841106E01A4}.Debug|Any CPU.ActiveCfg = Debug|Any CPU
		{7286EBF8-45C3-ADFB-AE6D-3841106E01A4}.Debug|Any CPU.Build.0 = Debug|Any CPU
		{7286EBF8-45C3-ADFB-AE6D-3841106E01A4}.Release|Any CPU.ActiveCfg = Release|Any CPU
		{7286EBF8-45C3-ADFB-AE6D-3841106E01A4}.Release|Any CPU.Build.0 = Release|Any CPU
		{19EE755F-EC03-A57E-775B-706331D85B8F}.Debug|Any CPU.ActiveCfg = Debug|Any CPU
		{19EE755F-EC03-A57E-775B-706331D85B8F}.Debug|Any CPU.Build.0 = Debug|Any CPU
		{19EE755F-EC03-A57E-775B-706331D85B8F}.Release|Any CPU.ActiveCfg = Release|Any CPU
		{19EE755F-EC03-A57E-775B-706331D85B8F}.Release|Any CPU.Build.0 = Release|Any CPU
		{A9061CAE-815E-1D9F-E2C6-682421452EEE}.Debug|Any CPU.ActiveCfg = Debug|Any CPU
		{A9061CAE-815E-1D9F-E2C6-682421452EEE}.Debug|Any CPU.Build.0 = Debug|Any CPU
		{A9061CAE-815E-1D9F-E2C6-682421452EEE}.Release|Any CPU.ActiveCfg = Release|Any CPU
		{A9061CAE-815E-1D9F-E2C6-682421452EEE}.Release|Any CPU.Build.0 = Release|Any CPU
		{1EA40FEA-B1DA-1D52-82DC-686A12BCA3FE}.Debug|Any CPU.ActiveCfg = Debug|Any CPU
		{1EA40FEA-B1DA-1D52-82DC-686A12BCA3FE}.Debug|Any CPU.Build.0 = Debug|Any CPU
		{1EA40FEA-B1DA-1D52-82DC-686A12BCA3FE}.Release|Any CPU.ActiveCfg = Release|Any CPU
		{1EA40FEA-B1DA-1D52-82DC-686A12BCA3FE}.Release|Any CPU.Build.0 = Release|Any CPU
		{DDB089D6-CAA5-71B1-E6A6-7E06D69D915C}.Debug|Any CPU.ActiveCfg = Debug|Any CPU
		{DDB089D6-CAA5-71B1-E6A6-7E06D69D915C}.Debug|Any CPU.Build.0 = Debug|Any CPU
		{DDB089D6-CAA5-71B1-E6A6-7E06D69D915C}.Release|Any CPU.ActiveCfg = Release|Any CPU
		{DDB089D6-CAA5-71B1-E6A6-7E06D69D915C}.Release|Any CPU.Build.0 = Release|Any CPU
		{920F0062-2059-39B6-2D4F-DB6F366172C7}.Debug|Any CPU.ActiveCfg = Debug|Any CPU
		{920F0062-2059-39B6-2D4F-DB6F366172C7}.Debug|Any CPU.Build.0 = Debug|Any CPU
		{920F0062-2059-39B6-2D4F-DB6F366172C7}.Release|Any CPU.ActiveCfg = Release|Any CPU
		{920F0062-2059-39B6-2D4F-DB6F366172C7}.Release|Any CPU.Build.0 = Release|Any CPU
		{B4218C46-C0B4-D219-D151-7AB3EFB56703}.Debug|Any CPU.ActiveCfg = Debug|Any CPU
		{B4218C46-C0B4-D219-D151-7AB3EFB56703}.Debug|Any CPU.Build.0 = Debug|Any CPU
		{B4218C46-C0B4-D219-D151-7AB3EFB56703}.Release|Any CPU.ActiveCfg = Release|Any CPU
		{B4218C46-C0B4-D219-D151-7AB3EFB56703}.Release|Any CPU.Build.0 = Release|Any CPU
		{03AD51AD-D408-92D5-73E3-A6FB04DD9229}.Debug|Any CPU.ActiveCfg = Debug|Any CPU
		{03AD51AD-D408-92D5-73E3-A6FB04DD9229}.Debug|Any CPU.Build.0 = Debug|Any CPU
		{03AD51AD-D408-92D5-73E3-A6FB04DD9229}.Release|Any CPU.ActiveCfg = Release|Any CPU
		{03AD51AD-D408-92D5-73E3-A6FB04DD9229}.Release|Any CPU.Build.0 = Release|Any CPU
		{340E1964-4FF7-71EF-143F-90715BF45BF1}.Debug|Any CPU.ActiveCfg = Debug|Any CPU
		{340E1964-4FF7-71EF-143F-90715BF45BF1}.Debug|Any CPU.Build.0 = Debug|Any CPU
		{340E1964-4FF7-71EF-143F-90715BF45BF1}.Release|Any CPU.ActiveCfg = Release|Any CPU
		{340E1964-4FF7-71EF-143F-90715BF45BF1}.Release|Any CPU.Build.0 = Release|Any CPU
		{B636BA22-ED57-43A9-8149-F88A4D3B1146}.Debug|Any CPU.ActiveCfg = Debug|Any CPU
		{B636BA22-ED57-43A9-8149-F88A4D3B1146}.Debug|Any CPU.Build.0 = Debug|Any CPU
		{B636BA22-ED57-43A9-8149-F88A4D3B1146}.Release|Any CPU.ActiveCfg = Release|Any CPU
		{B636BA22-ED57-43A9-8149-F88A4D3B1146}.Release|Any CPU.Build.0 = Release|Any CPU
		{4D2F6E72-C970-EA14-8A34-BA3843CBE82D}.Debug|Any CPU.ActiveCfg = Debug|Any CPU
		{4D2F6E72-C970-EA14-8A34-BA3843CBE82D}.Debug|Any CPU.Build.0 = Debug|Any CPU
		{4D2F6E72-C970-EA14-8A34-BA3843CBE82D}.Release|Any CPU.ActiveCfg = Release|Any CPU
		{4D2F6E72-C970-EA14-8A34-BA3843CBE82D}.Release|Any CPU.Build.0 = Release|Any CPU
		{1C3ADB33-9B57-5743-BCC1-1F2FF65415D2}.Debug|Any CPU.ActiveCfg = Debug|Any CPU
		{1C3ADB33-9B57-5743-BCC1-1F2FF65415D2}.Debug|Any CPU.Build.0 = Debug|Any CPU
		{1C3ADB33-9B57-5743-BCC1-1F2FF65415D2}.Release|Any CPU.ActiveCfg = Release|Any CPU
		{1C3ADB33-9B57-5743-BCC1-1F2FF65415D2}.Release|Any CPU.Build.0 = Release|Any CPU
		{C78FDAE4-6588-7D13-872F-346DC565B1B7}.Debug|Any CPU.ActiveCfg = Debug|Any CPU
		{C78FDAE4-6588-7D13-872F-346DC565B1B7}.Debug|Any CPU.Build.0 = Debug|Any CPU
		{C78FDAE4-6588-7D13-872F-346DC565B1B7}.Release|Any CPU.ActiveCfg = Release|Any CPU
		{C78FDAE4-6588-7D13-872F-346DC565B1B7}.Release|Any CPU.Build.0 = Release|Any CPU
		{1EA22F22-2DD6-2610-0F7D-80AADA9DBD22}.Debug|Any CPU.ActiveCfg = Debug|Any CPU
		{1EA22F22-2DD6-2610-0F7D-80AADA9DBD22}.Debug|Any CPU.Build.0 = Debug|Any CPU
		{1EA22F22-2DD6-2610-0F7D-80AADA9DBD22}.Release|Any CPU.ActiveCfg = Release|Any CPU
		{1EA22F22-2DD6-2610-0F7D-80AADA9DBD22}.Release|Any CPU.Build.0 = Release|Any CPU
		{BFE2B1D4-79D8-59BD-D32D-FBA7B7ED591D}.Debug|Any CPU.ActiveCfg = Debug|Any CPU
		{BFE2B1D4-79D8-59BD-D32D-FBA7B7ED591D}.Debug|Any CPU.Build.0 = Debug|Any CPU
		{BFE2B1D4-79D8-59BD-D32D-FBA7B7ED591D}.Release|Any CPU.ActiveCfg = Release|Any CPU
		{BFE2B1D4-79D8-59BD-D32D-FBA7B7ED591D}.Release|Any CPU.Build.0 = Release|Any CPU
		{BE6475CE-FBF4-80BE-7878-39F7ABE43084}.Debug|Any CPU.ActiveCfg = Debug|Any CPU
		{BE6475CE-FBF4-80BE-7878-39F7ABE43084}.Debug|Any CPU.Build.0 = Debug|Any CPU
		{BE6475CE-FBF4-80BE-7878-39F7ABE43084}.Release|Any CPU.ActiveCfg = Release|Any CPU
		{BE6475CE-FBF4-80BE-7878-39F7ABE43084}.Release|Any CPU.Build.0 = Release|Any CPU
		{065D40E3-1E7D-2E34-C86B-95E46636F005}.Debug|Any CPU.ActiveCfg = Debug|Any CPU
		{065D40E3-1E7D-2E34-C86B-95E46636F005}.Debug|Any CPU.Build.0 = Debug|Any CPU
		{065D40E3-1E7D-2E34-C86B-95E46636F005}.Release|Any CPU.ActiveCfg = Release|Any CPU
		{065D40E3-1E7D-2E34-C86B-95E46636F005}.Release|Any CPU.Build.0 = Release|Any CPU
		{81BD838C-E781-0972-80A9-B6842D6F2778}.Debug|Any CPU.ActiveCfg = Debug|Any CPU
		{81BD838C-E781-0972-80A9-B6842D6F2778}.Debug|Any CPU.Build.0 = Debug|Any CPU
		{81BD838C-E781-0972-80A9-B6842D6F2778}.Release|Any CPU.ActiveCfg = Release|Any CPU
		{81BD838C-E781-0972-80A9-B6842D6F2778}.Release|Any CPU.Build.0 = Release|Any CPU
		{3322F771-ACA2-DBAA-6955-CFE8B0914E7A}.Debug|Any CPU.ActiveCfg = Debug|Any CPU
		{3322F771-ACA2-DBAA-6955-CFE8B0914E7A}.Debug|Any CPU.Build.0 = Debug|Any CPU
		{3322F771-ACA2-DBAA-6955-CFE8B0914E7A}.Release|Any CPU.ActiveCfg = Release|Any CPU
		{3322F771-ACA2-DBAA-6955-CFE8B0914E7A}.Release|Any CPU.Build.0 = Release|Any CPU
		{96EAC767-B939-666A-2671-834E4A5B8BE7}.Debug|Any CPU.ActiveCfg = Debug|Any CPU
		{96EAC767-B939-666A-2671-834E4A5B8BE7}.Debug|Any CPU.Build.0 = Debug|Any CPU
		{96EAC767-B939-666A-2671-834E4A5B8BE7}.Release|Any CPU.ActiveCfg = Release|Any CPU
		{96EAC767-B939-666A-2671-834E4A5B8BE7}.Release|Any CPU.Build.0 = Release|Any CPU
	EndGlobalSection
	GlobalSection(SolutionProperties) = preSolution
		HideSolutionNode = FALSE
	EndGlobalSection
EndGlobal
